{
  "name": "eslint-config-mlauffer-nodejs",
  "version": "0.0.1",
  "lockfileVersion": 1,
  "requires": true,
  "dependencies": {
    "@types/eslint": {
      "version": "7.2.0",
      "resolved": "https://registry.npmjs.org/@types/eslint/-/eslint-7.2.0.tgz",
      "integrity": "sha512-LpUXkr7fnmPXWGxB0ZuLEzNeTURuHPavkC5zuU4sg62/TgL5ZEjamr5Y8b6AftwHtx2bPJasI+CL0TT2JwQ7aA==",
      "requires": {
        "@types/estree": "*",
        "@types/json-schema": "*"
      }
    },
    "@types/estree": {
      "version": "0.0.45",
      "resolved": "https://registry.npmjs.org/@types/estree/-/estree-0.0.45.tgz",
      "integrity": "sha512-jnqIUKDUqJbDIUxm0Uj7bnlMnRm1T/eZ9N+AVMqhPgzrba2GhGG5o/jCTwmdPK709nEZsGoMzXEDUjcXHa3W0g=="
    },
    "@types/json-schema": {
      "version": "7.0.5",
      "resolved": "https://registry.npmjs.org/@types/json-schema/-/json-schema-7.0.5.tgz",
      "integrity": "sha512-7+2BITlgjgDhH0vvwZU/HZJVyk+2XUlvxXe8dFMedNX/aMkaOq++rMAFXc0tM7ij15QaWlbdQASBR9dihi+bDQ=="
    },
    "@types/node": {
      "version": "14.0.14",
      "resolved": "https://registry.npmjs.org/@types/node/-/node-14.0.14.tgz",
      "integrity": "sha512-syUgf67ZQpaJj01/tRTknkMNoBBLWJOBODF0Zm4NrXmiSuxjymFrxnTu1QVYRubhVkRcZLYZG8STTwJRdVm/WQ=="
    },
    "eslint-config-google": {
      "version": "0.14.0",
      "resolved": "https://registry.npmjs.org/eslint-config-google/-/eslint-config-google-0.14.0.tgz",
      "integrity": "sha512-WsbX4WbjuMvTdeVL6+J3rK1RGhCTqjsFjX7UMSMgZiyxxaNLkoJENbrGExzERFeoTpGw3F3FypTiWAP9ZXzkEw=="
    },
    "eslint-plugin-security": {
      "version": "1.4.0",
      "resolved": "https://registry.npmjs.org/eslint-plugin-security/-/eslint-plugin-security-1.4.0.tgz",
      "integrity": "sha512-xlS7P2PLMXeqfhyf3NpqbvbnW04kN8M9NtmhpR3XGyOvt/vNKS7XPXT5EDbwKW9vCjWH4PpfQvgD/+JgN0VJKA==",
      "requires": {
        "safe-regex": "^1.1.0"
      }
    },
    "eslint-plugin-sonarjs": {
      "version": "0.5.0",
      "resolved": "https://registry.npmjs.org/eslint-plugin-sonarjs/-/eslint-plugin-sonarjs-0.5.0.tgz",
      "integrity": "sha512-XW5MnzlRjhXpIdbULC/qAdJYHWw3rRLws/DyawdlPU/IdVr9AmRK1r2LaCvabwKOAW2XYYSo3kDX58E4MrB7PQ=="
    },
    "ret": {
      "version": "0.1.15",
      "resolved": "https://registry.npmjs.org/ret/-/ret-0.1.15.tgz",
      "integrity": "sha512-TTlYpa+OL+vMMNG24xSlQGEJ3B/RzEfUlLct7b5G/ytav+wPrplCpVMFuwzXbkecJrb6IYo1iFb0S9v37754mg=="
    },
    "safe-regex": {
      "version": "1.1.0",
      "resolved": "https://registry.npmjs.org/safe-regex/-/safe-regex-1.1.0.tgz",
      "integrity": "sha1-QKNmnzsHfR6UPURinhV91IAjvy4=",
      "requires": {
        "ret": "~0.1.10"
      }
    }
  }
}
